
Microsoft Visual Studio Solution File, Format Version 12.00
# Visual Studio Version 16
VisualStudioVersion = 16.0.30225.117
MinimumVisualStudioVersion = 10.0.40219.1
Project("{FAE04EC0-301F-11D3-BF4B-00C04F79EFBC}") = "Lab 07-20-20", "Lab 07-20-20\Lab 07-20-20.csproj", "{4310B63C-3A91-4868-8AE9-C608B8740985}"
EndProject
Global
	GlobalSection(SolutionConfigurationPlatforms) = preSolution
		Debug|Any CPU = Debug|Any CPU
		Release|Any CPU = Release|Any CPU
	EndGlobalSection
	GlobalSection(ProjectConfigurationPlatforms) = postSolution
		{4310B63C-3A91-4868-8AE9-C608B8740985}.Debug|Any CPU.ActiveCfg = Debug|Any CPU
		{4310B63C-3A91-4868-8AE9-C608B8740985}.Debug|Any CPU.Build.0 = Debug|Any CPU
		{4310B63C-3A91-4868-8AE9-C608B8740985}.Release|Any CPU.ActiveCfg = Release|Any CPU
		{4310B63C-3A91-4868-8AE9-C608B8740985}.Release|Any CPU.Build.0 = Release|Any CPU
	EndGlobalSection
	GlobalSection(SolutionProperties) = preSolution
		HideSolutionNode = FALSE
	EndGlobalSection
	GlobalSection(ExtensibilityGlobals) = postSolution
		SolutionGuid = {1A4C3152-F98B-4117-9699-AA977B899345}
	EndGlobalSection
EndGlobal
